<?xml version="1.0" encoding="utf-8"?>
<Project ToolsVersion="4.0" xmlns="http://schemas.microsoft.com/developer/msbuild/2003">
  <ItemGroup>
    <ClInclude Include="framework.h" />
    <ClInclude Include="pch.h" />
    <ClInclude Include="include\aloe\parser.h">
      <Filter>include\aloe</Filter>
    </ClInclude>
    <ClInclude Include="include\aloe\ast.h">
      <Filter>include\aloe</Filter>
    </ClInclude>
    <ClInclude Include="antlr4_parser.h" />
    <ClInclude Include="include\aloe\utils.h">
      <Filter>include\aloe</Filter>
    </ClInclude>
    <ClInclude Include="include\aloe\type.h">
      <Filter>include\aloe</Filter>
    </ClInclude>
    <ClInclude Include="include\aloe\node.h">
      <Filter>include\aloe</Filter>
    </ClInclude>
    <ClInclude Include="include\aloe\scope.h">
      <Filter>include\aloe</Filter>
    </ClInclude>
    <ClInclude Include="include\aloe\object.h">
      <Filter>include\aloe</Filter>
    </ClInclude>
    <ClInclude Include="include\aloe\fun.h">
      <Filter>include\aloe</Filter>
    </ClInclude>
    <ClInclude Include="include\aloe\prog.h">
      <Filter>include\aloe</Filter>
    </ClInclude>
    <ClInclude Include="include\aloe\var.h">
      <Filter>include\aloe</Filter>
    </ClInclude>
    <ClInclude Include="include\aloe\fun_call.h">
      <Filter>include\aloe</Filter>
    </ClInclude>
    <ClInclude Include="include\aloe\param.h">
      <Filter>include\aloe</Filter>
    </ClInclude>
    <ClInclude Include="include\aloe\inh_chain.h">
      <Filter>include\aloe</Filter>
    </ClInclude>
  </ItemGroup>
  <ItemGroup>
    <ClCompile Include="pch.cpp" />
    <ClCompile Include="antlr4_parser.cpp" />
    <ClCompile Include="utils.cpp" />
  </ItemGroup>
  <ItemGroup>
    <Filter Include="include">
      <UniqueIdentifier>{633a671a-df02-4668-85be-19d8c86a3434}</UniqueIdentifier>
    </Filter>
    <Filter Include="include\aloe">
      <UniqueIdentifier>{c91d0861-bf11-4c05-baec-a7e5f22902a1}</UniqueIdentifier>
    </Filter>
  </ItemGroup>
</Project>